// !$*UTF8*$!
{
	archiveVersion = 1;
	classes = {
	};
	objectVersion = 50;
	objects = {

/* Begin PBXBuildFile section */
		13823CBF21667AF600858023 /* BmpLoader.cpp in Sources */ = {isa = PBXBuildFile; fileRef = 13823CBD21667AF600858023 /* BmpLoader.cpp */; };
		13823D152166A5BD00858023 /* right2.bmp in CopyFiles */ = {isa = PBXBuildFile; fileRef = 13823CF52166A59A00858023 /* right2.bmp */; };
		13823D162166A5BD00858023 /* right1.bmp in CopyFiles */ = {isa = PBXBuildFile; fileRef = 13823CF62166A59A00858023 /* right1.bmp */; };
		13823D172166A5BD00858023 /* right0.bmp in CopyFiles */ = {isa = PBXBuildFile; fileRef = 13823CF72166A59A00858023 /* right0.bmp */; };
		13823D182166A5BD00858023 /* enemy_r3.bmp in CopyFiles */ = {isa = PBXBuildFile; fileRef = 13823CF82166A59A00858023 /* enemy_r3.bmp */; };
		13823D192166A5BD00858023 /* enemy_r2.bmp in CopyFiles */ = {isa = PBXBuildFile; fileRef = 13823CF92166A59A00858023 /* enemy_r2.bmp */; };
		13823D1A2166A5BE00858023 /* up2.bmp in CopyFiles */ = {isa = PBXBuildFile; fileRef = 13823CFA2166A59A00858023 /* up2.bmp */; };
		13823D1B2166A5BE00858023 /* up0.bmp in CopyFiles */ = {isa = PBXBuildFile; fileRef = 13823CFB2166A59A00858023 /* up0.bmp */; };
		13823D1C2166A5BE00858023 /* enemy_r0.bmp in CopyFiles */ = {isa = PBXBuildFile; fileRef = 13823CFC2166A59A00858023 /* enemy_r0.bmp */; };
		13823D1D2166A5BE00858023 /* enemy_r1.bmp in CopyFiles */ = {isa = PBXBuildFile; fileRef = 13823CFD2166A59A00858023 /* enemy_r1.bmp */; };
		13823D1E2166A5BE00858023 /* up1.bmp in CopyFiles */ = {isa = PBXBuildFile; fileRef = 13823CFE2166A59A00858023 /* up1.bmp */; };
		13823D1F2166A5BE00858023 /* enemy_l0.bmp in CopyFiles */ = {isa = PBXBuildFile; fileRef = 13823CFF2166A59A00858023 /* enemy_l0.bmp */; };
		13823D202166A5BE00858023 /* enemy_u2.bmp in CopyFiles */ = {isa = PBXBuildFile; fileRef = 13823D002166A59A00858023 /* enemy_u2.bmp */; };
		13823D212166A5BE00858023 /* enemy_u3.bmp in CopyFiles */ = {isa = PBXBuildFile; fileRef = 13823D012166A59A00858023 /* enemy_u3.bmp */; };
		13823D222166A5BE00858023 /* enemy_l1.bmp in CopyFiles */ = {isa = PBXBuildFile; fileRef = 13823D022166A59A00858023 /* enemy_l1.bmp */; };
		13823D232166A5BE00858023 /* featheru.bmp in CopyFiles */ = {isa = PBXBuildFile; fileRef = 13823D032166A59A00858023 /* featheru.bmp */; };
		13823D242166A5BE00858023 /* enemy_l3.bmp in CopyFiles */ = {isa = PBXBuildFile; fileRef = 13823D042166A59A00858023 /* enemy_l3.bmp */; };
		13823D252166A5BE00858023 /* enemy_u1.bmp in CopyFiles */ = {isa = PBXBuildFile; fileRef = 13823D052166A59A00858023 /* enemy_u1.bmp */; };
		13823D262166A5BE00858023 /* enemy_u0.bmp in CopyFiles */ = {isa = PBXBuildFile; fileRef = 13823D062166A59A00858023 /* enemy_u0.bmp */; };
		13823D272166A5BE00858023 /* enemy_l2.bmp in CopyFiles */ = {isa = PBXBuildFile; fileRef = 13823D072166A59A00858023 /* enemy_l2.bmp */; };
		13823D282166A5BE00858023 /* featherd.bmp in CopyFiles */ = {isa = PBXBuildFile; fileRef = 13823D082166A59A00858023 /* featherd.bmp */; };
		13823D292166A5BE00858023 /* featherr.bmp in CopyFiles */ = {isa = PBXBuildFile; fileRef = 13823D092166A59A00858023 /* featherr.bmp */; };
		13823D2A2166A5BE00858023 /* down2.bmp in CopyFiles */ = {isa = PBXBuildFile; fileRef = 13823D0A2166A59A00858023 /* down2.bmp */; };
		13823D2B2166A5BE00858023 /* down1.bmp in CopyFiles */ = {isa = PBXBuildFile; fileRef = 13823D0B2166A59A00858023 /* down1.bmp */; };
		13823D2C2166A5BE00858023 /* featherl.bmp in CopyFiles */ = {isa = PBXBuildFile; fileRef = 13823D0C2166A59A00858023 /* featherl.bmp */; };
		13823D2D2166A5BE00858023 /* down0.bmp in CopyFiles */ = {isa = PBXBuildFile; fileRef = 13823D0D2166A59A00858023 /* down0.bmp */; };
		13823D2E2166A5BE00858023 /* enemy_d1.bmp in CopyFiles */ = {isa = PBXBuildFile; fileRef = 13823D0E2166A59A00858023 /* enemy_d1.bmp */; };
		13823D2F2166A5BE00858023 /* enemy_d0.bmp in CopyFiles */ = {isa = PBXBuildFile; fileRef = 13823D0F2166A59A00858023 /* enemy_d0.bmp */; };
		13823D302166A5BE00858023 /* enemy_d2.bmp in CopyFiles */ = {isa = PBXBuildFile; fileRef = 13823D102166A59A00858023 /* enemy_d2.bmp */; };
		13823D312166A5BE00858023 /* enemy_d3.bmp in CopyFiles */ = {isa = PBXBuildFile; fileRef = 13823D112166A59A00858023 /* enemy_d3.bmp */; };
		13823D322166A5BE00858023 /* left2.bmp in CopyFiles */ = {isa = PBXBuildFile; fileRef = 13823D122166A59A00858023 /* left2.bmp */; };
		13823D332166A5BE00858023 /* left0.bmp in CopyFiles */ = {isa = PBXBuildFile; fileRef = 13823D132166A59A00858023 /* left0.bmp */; };
		13823D342166A5BE00858023 /* left1.bmp in CopyFiles */ = {isa = PBXBuildFile; fileRef = 13823D142166A59A00858023 /* left1.bmp */; };
		13877C102164DE08009E5AFE /* weapon.cpp in Sources */ = {isa = PBXBuildFile; fileRef = 13877C0F2164DE08009E5AFE /* weapon.cpp */; };
		13877C1221651210009E5AFE /* emptySpace.cpp in Sources */ = {isa = PBXBuildFile; fileRef = 13877C1121651210009E5AFE /* emptySpace.cpp */; };
		13877C1421651526009E5AFE /* item.cpp in Sources */ = {isa = PBXBuildFile; fileRef = 13877C1321651526009E5AFE /* item.cpp */; };
		1389CFBF2161D42400321F96 /* main.cpp in Sources */ = {isa = PBXBuildFile; fileRef = 1389CFBE2161D42400321F96 /* main.cpp */; };
		1389CFC72161D44C00321F96 /* GLUT.framework in Frameworks */ = {isa = PBXBuildFile; fileRef = 1389CFC62161D44C00321F96 /* GLUT.framework */; };
		1389CFC92161D44F00321F96 /* GLKit.framework in Frameworks */ = {isa = PBXBuildFile; fileRef = 1389CFC82161D44F00321F96 /* GLKit.framework */; };
		1389CFCB2161D45300321F96 /* OpenGL.framework in Frameworks */ = {isa = PBXBuildFile; fileRef = 1389CFCA2161D45300321F96 /* OpenGL.framework */; };
		13A0768D21621E1700057B52 /* game.cpp in Sources */ = {isa = PBXBuildFile; fileRef = 13A0768C21621E1700057B52 /* game.cpp */; };
		13A0769021621E2B00057B52 /* wall.cpp in Sources */ = {isa = PBXBuildFile; fileRef = 13A0768E21621E2B00057B52 /* wall.cpp */; };
		13A076962162505400057B52 /* util.cpp in Sources */ = {isa = PBXBuildFile; fileRef = 13A076942162505400057B52 /* util.cpp */; };
		13A0769A2162673B00057B52 /* map.cpp in Sources */ = {isa = PBXBuildFile; fileRef = 13A076992162673B00057B52 /* map.cpp */; };
		13A0769C2162677500057B52 /* player.cpp in Sources */ = {isa = PBXBuildFile; fileRef = 13A0769B2162677500057B52 /* player.cpp */; };
		13A0769E2162678000057B52 /* enemy.cpp in Sources */ = {isa = PBXBuildFile; fileRef = 13A0769D2162678000057B52 /* enemy.cpp */; };
/* End PBXBuildFile section */

/* Begin PBXCopyFilesBuildPhase section */
		13823CC021667EF200858023 /* CopyFiles */ = {
			isa = PBXCopyFilesBuildPhase;
			buildActionMask = 2147483647;
			dstPath = "";
			dstSubfolderSpec = 16;
			files = (
				13823D152166A5BD00858023 /* right2.bmp in CopyFiles */,
				13823D162166A5BD00858023 /* right1.bmp in CopyFiles */,
				13823D172166A5BD00858023 /* right0.bmp in CopyFiles */,
				13823D182166A5BD00858023 /* enemy_r3.bmp in CopyFiles */,
				13823D192166A5BD00858023 /* enemy_r2.bmp in CopyFiles */,
				13823D1A2166A5BE00858023 /* up2.bmp in CopyFiles */,
				13823D1B2166A5BE00858023 /* up0.bmp in CopyFiles */,
				13823D1C2166A5BE00858023 /* enemy_r0.bmp in CopyFiles */,
				13823D1D2166A5BE00858023 /* enemy_r1.bmp in CopyFiles */,
				13823D1E2166A5BE00858023 /* up1.bmp in CopyFiles */,
				13823D1F2166A5BE00858023 /* enemy_l0.bmp in CopyFiles */,
				13823D202166A5BE00858023 /* enemy_u2.bmp in CopyFiles */,
				13823D212166A5BE00858023 /* enemy_u3.bmp in CopyFiles */,
				13823D222166A5BE00858023 /* enemy_l1.bmp in CopyFiles */,
				13823D232166A5BE00858023 /* featheru.bmp in CopyFiles */,
				13823D242166A5BE00858023 /* enemy_l3.bmp in CopyFiles */,
				13823D252166A5BE00858023 /* enemy_u1.bmp in CopyFiles */,
				13823D262166A5BE00858023 /* enemy_u0.bmp in CopyFiles */,
				13823D272166A5BE00858023 /* enemy_l2.bmp in CopyFiles */,
				13823D282166A5BE00858023 /* featherd.bmp in CopyFiles */,
				13823D292166A5BE00858023 /* featherr.bmp in CopyFiles */,
				13823D2A2166A5BE00858023 /* down2.bmp in CopyFiles */,
				13823D2B2166A5BE00858023 /* down1.bmp in CopyFiles */,
				13823D2C2166A5BE00858023 /* featherl.bmp in CopyFiles */,
				13823D2D2166A5BE00858023 /* down0.bmp in CopyFiles */,
				13823D2E2166A5BE00858023 /* enemy_d1.bmp in CopyFiles */,
				13823D2F2166A5BE00858023 /* enemy_d0.bmp in CopyFiles */,
				13823D302166A5BE00858023 /* enemy_d2.bmp in CopyFiles */,
				13823D312166A5BE00858023 /* enemy_d3.bmp in CopyFiles */,
				13823D322166A5BE00858023 /* left2.bmp in CopyFiles */,
				13823D332166A5BE00858023 /* left0.bmp in CopyFiles */,
				13823D342166A5BE00858023 /* left1.bmp in CopyFiles */,
			);
			runOnlyForDeploymentPostprocessing = 0;
		};
		1389CFB92161D42400321F96 /* CopyFiles */ = {
			isa = PBXCopyFilesBuildPhase;
			buildActionMask = 2147483647;
			dstPath = /usr/share/man/man1/;
			dstSubfolderSpec = 0;
			files = (
			);
			runOnlyForDeploymentPostprocessing = 1;
		};
/* End PBXCopyFilesBuildPhase section */

/* Begin PBXFileReference section */
		13823CBD21667AF600858023 /* BmpLoader.cpp */ = {isa = PBXFileReference; fileEncoding = 4; lastKnownFileType = sourcecode.cpp.cpp; path = BmpLoader.cpp; sourceTree = "<group>"; };
		13823CBE21667AF600858023 /* BmpLoader.h */ = {isa = PBXFileReference; fileEncoding = 4; lastKnownFileType = sourcecode.c.h; path = BmpLoader.h; sourceTree = "<group>"; };
		13823CF52166A59A00858023 /* right2.bmp */ = {isa = PBXFileReference; lastKnownFileType = image.bmp; path = right2.bmp; sourceTree = "<group>"; };
		13823CF62166A59A00858023 /* right1.bmp */ = {isa = PBXFileReference; lastKnownFileType = image.bmp; path = right1.bmp; sourceTree = "<group>"; };
		13823CF72166A59A00858023 /* right0.bmp */ = {isa = PBXFileReference; lastKnownFileType = image.bmp; path = right0.bmp; sourceTree = "<group>"; };
		13823CF82166A59A00858023 /* enemy_r3.bmp */ = {isa = PBXFileReference; lastKnownFileType = image.bmp; path = enemy_r3.bmp; sourceTree = "<group>"; };
		13823CF92166A59A00858023 /* enemy_r2.bmp */ = {isa = PBXFileReference; lastKnownFileType = image.bmp; path = enemy_r2.bmp; sourceTree = "<group>"; };
		13823CFA2166A59A00858023 /* up2.bmp */ = {isa = PBXFileReference; lastKnownFileType = image.bmp; path = up2.bmp; sourceTree = "<group>"; };
		13823CFB2166A59A00858023 /* up0.bmp */ = {isa = PBXFileReference; lastKnownFileType = image.bmp; path = up0.bmp; sourceTree = "<group>"; };
		13823CFC2166A59A00858023 /* enemy_r0.bmp */ = {isa = PBXFileReference; lastKnownFileType = image.bmp; path = enemy_r0.bmp; sourceTree = "<group>"; };
		13823CFD2166A59A00858023 /* enemy_r1.bmp */ = {isa = PBXFileReference; lastKnownFileType = image.bmp; path = enemy_r1.bmp; sourceTree = "<group>"; };
		13823CFE2166A59A00858023 /* up1.bmp */ = {isa = PBXFileReference; lastKnownFileType = image.bmp; path = up1.bmp; sourceTree = "<group>"; };
		13823CFF2166A59A00858023 /* enemy_l0.bmp */ = {isa = PBXFileReference; lastKnownFileType = image.bmp; path = enemy_l0.bmp; sourceTree = "<group>"; };
		13823D002166A59A00858023 /* enemy_u2.bmp */ = {isa = PBXFileReference; lastKnownFileType = image.bmp; path = enemy_u2.bmp; sourceTree = "<group>"; };
		13823D012166A59A00858023 /* enemy_u3.bmp */ = {isa = PBXFileReference; lastKnownFileType = image.bmp; path = enemy_u3.bmp; sourceTree = "<group>"; };
		13823D022166A59A00858023 /* enemy_l1.bmp */ = {isa = PBXFileReference; lastKnownFileType = image.bmp; path = enemy_l1.bmp; sourceTree = "<group>"; };
		13823D032166A59A00858023 /* featheru.bmp */ = {isa = PBXFileReference; lastKnownFileType = image.bmp; path = featheru.bmp; sourceTree = "<group>"; };
		13823D042166A59A00858023 /* enemy_l3.bmp */ = {isa = PBXFileReference; lastKnownFileType = image.bmp; path = enemy_l3.bmp; sourceTree = "<group>"; };
		13823D052166A59A00858023 /* enemy_u1.bmp */ = {isa = PBXFileReference; lastKnownFileType = image.bmp; path = enemy_u1.bmp; sourceTree = "<group>"; };
		13823D062166A59A00858023 /* enemy_u0.bmp */ = {isa = PBXFileReference; lastKnownFileType = image.bmp; path = enemy_u0.bmp; sourceTree = "<group>"; };
		13823D072166A59A00858023 /* enemy_l2.bmp */ = {isa = PBXFileReference; lastKnownFileType = image.bmp; path = enemy_l2.bmp; sourceTree = "<group>"; };
		13823D082166A59A00858023 /* featherd.bmp */ = {isa = PBXFileReference; lastKnownFileType = image.bmp; path = featherd.bmp; sourceTree = "<group>"; };
		13823D092166A59A00858023 /* featherr.bmp */ = {isa = PBXFileReference; lastKnownFileType = image.bmp; path = featherr.bmp; sourceTree = "<group>"; };
		13823D0A2166A59A00858023 /* down2.bmp */ = {isa = PBXFileReference; lastKnownFileType = image.bmp; path = down2.bmp; sourceTree = "<group>"; };
		13823D0B2166A59A00858023 /* down1.bmp */ = {isa = PBXFileReference; lastKnownFileType = image.bmp; path = down1.bmp; sourceTree = "<group>"; };
		13823D0C2166A59A00858023 /* featherl.bmp */ = {isa = PBXFileReference; lastKnownFileType = image.bmp; path = featherl.bmp; sourceTree = "<group>"; };
		13823D0D2166A59A00858023 /* down0.bmp */ = {isa = PBXFileReference; lastKnownFileType = image.bmp; path = down0.bmp; sourceTree = "<group>"; };
		13823D0E2166A59A00858023 /* enemy_d1.bmp */ = {isa = PBXFileReference; lastKnownFileType = image.bmp; path = enemy_d1.bmp; sourceTree = "<group>"; };
		13823D0F2166A59A00858023 /* enemy_d0.bmp */ = {isa = PBXFileReference; lastKnownFileType = image.bmp; path = enemy_d0.bmp; sourceTree = "<group>"; };
		13823D102166A59A00858023 /* enemy_d2.bmp */ = {isa = PBXFileReference; lastKnownFileType = image.bmp; path = enemy_d2.bmp; sourceTree = "<group>"; };
		13823D112166A59A00858023 /* enemy_d3.bmp */ = {isa = PBXFileReference; lastKnownFileType = image.bmp; path = enemy_d3.bmp; sourceTree = "<group>"; };
		13823D122166A59A00858023 /* left2.bmp */ = {isa = PBXFileReference; lastKnownFileType = image.bmp; path = left2.bmp; sourceTree = "<group>"; };
		13823D132166A59A00858023 /* left0.bmp */ = {isa = PBXFileReference; lastKnownFileType = image.bmp; path = left0.bmp; sourceTree = "<group>"; };
		13823D142166A59A00858023 /* left1.bmp */ = {isa = PBXFileReference; lastKnownFileType = image.bmp; path = left1.bmp; sourceTree = "<group>"; };
		13877C0F2164DE08009E5AFE /* weapon.cpp */ = {isa = PBXFileReference; fileEncoding = 4; lastKnownFileType = sourcecode.cpp.cpp; path = weapon.cpp; sourceTree = "<group>"; };
		13877C1121651210009E5AFE /* emptySpace.cpp */ = {isa = PBXFileReference; lastKnownFileType = sourcecode.cpp.cpp; path = emptySpace.cpp; sourceTree = "<group>"; };
		13877C1321651526009E5AFE /* item.cpp */ = {isa = PBXFileReference; lastKnownFileType = sourcecode.cpp.cpp; path = item.cpp; sourceTree = "<group>"; };
		1389CFBB2161D42400321F96 /* cgassn1 */ = {isa = PBXFileReference; explicitFileType = "compiled.mach-o.executable"; includeInIndex = 0; path = cgassn1; sourceTree = BUILT_PRODUCTS_DIR; };
		1389CFBE2161D42400321F96 /* main.cpp */ = {isa = PBXFileReference; lastKnownFileType = sourcecode.cpp.cpp; path = main.cpp; sourceTree = "<group>"; };
		1389CFC62161D44C00321F96 /* GLUT.framework */ = {isa = PBXFileReference; lastKnownFileType = wrapper.framework; name = GLUT.framework; path = System/Library/Frameworks/GLUT.framework; sourceTree = SDKROOT; };
		1389CFC82161D44F00321F96 /* GLKit.framework */ = {isa = PBXFileReference; lastKnownFileType = wrapper.framework; name = GLKit.framework; path = System/Library/Frameworks/GLKit.framework; sourceTree = SDKROOT; };
		1389CFCA2161D45300321F96 /* OpenGL.framework */ = {isa = PBXFileReference; lastKnownFileType = wrapper.framework; name = OpenGL.framework; path = System/Library/Frameworks/OpenGL.framework; sourceTree = SDKROOT; };
		1389CFCC2161D47300321F96 /* enemy.h */ = {isa = PBXFileReference; lastKnownFileType = sourcecode.c.h; path = enemy.h; sourceTree = "<group>"; };
		1389CFCD2161D47800321F96 /* player.h */ = {isa = PBXFileReference; lastKnownFileType = sourcecode.c.h; path = player.h; sourceTree = "<group>"; };
		1389CFCE2161D4A500321F96 /* map.h */ = {isa = PBXFileReference; lastKnownFileType = sourcecode.c.h; path = map.h; sourceTree = "<group>"; };
		1389CFCF2161D4AC00321F96 /* weapon.h */ = {isa = PBXFileReference; lastKnownFileType = sourcecode.c.h; path = weapon.h; sourceTree = "<group>"; };
		1389CFD02161D4B600321F96 /* README.md */ = {isa = PBXFileReference; lastKnownFileType = net.daringfireball.markdown; path = README.md; sourceTree = "<group>"; };
		13A076872162158300057B52 /* wall.h */ = {isa = PBXFileReference; lastKnownFileType = sourcecode.c.h; path = wall.h; sourceTree = "<group>"; };
		13A076882162159500057B52 /* emptySpace.h */ = {isa = PBXFileReference; lastKnownFileType = sourcecode.c.h; path = emptySpace.h; sourceTree = "<group>"; };
		13A076892162159B00057B52 /* item.h */ = {isa = PBXFileReference; lastKnownFileType = sourcecode.c.h; path = item.h; sourceTree = "<group>"; };
		13A0768A2162169600057B52 /* object.h */ = {isa = PBXFileReference; lastKnownFileType = sourcecode.c.h; path = object.h; sourceTree = "<group>"; };
		13A0768B21621A1900057B52 /* game.h */ = {isa = PBXFileReference; lastKnownFileType = sourcecode.c.h; path = game.h; sourceTree = "<group>"; };
		13A0768C21621E1700057B52 /* game.cpp */ = {isa = PBXFileReference; lastKnownFileType = sourcecode.cpp.cpp; path = game.cpp; sourceTree = "<group>"; };
		13A0768E21621E2B00057B52 /* wall.cpp */ = {isa = PBXFileReference; lastKnownFileType = sourcecode.cpp.cpp; path = wall.cpp; sourceTree = "<group>"; };
		13A076942162505400057B52 /* util.cpp */ = {isa = PBXFileReference; lastKnownFileType = sourcecode.cpp.cpp; path = util.cpp; sourceTree = "<group>"; };
		13A07698216250EE00057B52 /* util.h */ = {isa = PBXFileReference; lastKnownFileType = sourcecode.c.h; path = util.h; sourceTree = "<group>"; };
		13A076992162673B00057B52 /* map.cpp */ = {isa = PBXFileReference; lastKnownFileType = sourcecode.cpp.cpp; path = map.cpp; sourceTree = "<group>"; };
		13A0769B2162677500057B52 /* player.cpp */ = {isa = PBXFileReference; lastKnownFileType = sourcecode.cpp.cpp; path = player.cpp; sourceTree = "<group>"; };
		13A0769D2162678000057B52 /* enemy.cpp */ = {isa = PBXFileReference; lastKnownFileType = sourcecode.cpp.cpp; path = enemy.cpp; sourceTree = "<group>"; };
/* End PBXFileReference section */

/* Begin PBXFrameworksBuildPhase section */
		1389CFB82161D42400321F96 /* Frameworks */ = {
			isa = PBXFrameworksBuildPhase;
			buildActionMask = 2147483647;
			files = (
				1389CFCB2161D45300321F96 /* OpenGL.framework in Frameworks */,
				1389CFC92161D44F00321F96 /* GLKit.framework in Frameworks */,
				1389CFC72161D44C00321F96 /* GLUT.framework in Frameworks */,
			);
			runOnlyForDeploymentPostprocessing = 0;
		};
/* End PBXFrameworksBuildPhase section */

/* Begin PBXGroup section */
		13823CF42166A59A00858023 /* resources */ = {
			isa = PBXGroup;
			children = (
				13823CF52166A59A00858023 /* right2.bmp */,
				13823CF62166A59A00858023 /* right1.bmp */,
				13823CF72166A59A00858023 /* right0.bmp */,
				13823CF82166A59A00858023 /* enemy_r3.bmp */,
				13823CF92166A59A00858023 /* enemy_r2.bmp */,
				13823CFA2166A59A00858023 /* up2.bmp */,
				13823CFB2166A59A00858023 /* up0.bmp */,
				13823CFC2166A59A00858023 /* enemy_r0.bmp */,
				13823CFD2166A59A00858023 /* enemy_r1.bmp */,
				13823CFE2166A59A00858023 /* up1.bmp */,
				13823CFF2166A59A00858023 /* enemy_l0.bmp */,
				13823D002166A59A00858023 /* enemy_u2.bmp */,
				13823D012166A59A00858023 /* enemy_u3.bmp */,
				13823D022166A59A00858023 /* enemy_l1.bmp */,
				13823D032166A59A00858023 /* featheru.bmp */,
				13823D042166A59A00858023 /* enemy_l3.bmp */,
				13823D052166A59A00858023 /* enemy_u1.bmp */,
				13823D062166A59A00858023 /* enemy_u0.bmp */,
				13823D072166A59A00858023 /* enemy_l2.bmp */,
				13823D082166A59A00858023 /* featherd.bmp */,
				13823D092166A59A00858023 /* featherr.bmp */,
				13823D0A2166A59A00858023 /* down2.bmp */,
				13823D0B2166A59A00858023 /* down1.bmp */,
				13823D0C2166A59A00858023 /* featherl.bmp */,
				13823D0D2166A59A00858023 /* down0.bmp */,
				13823D0E2166A59A00858023 /* enemy_d1.bmp */,
				13823D0F2166A59A00858023 /* enemy_d0.bmp */,
				13823D102166A59A00858023 /* enemy_d2.bmp */,
				13823D112166A59A00858023 /* enemy_d3.bmp */,
				13823D122166A59A00858023 /* left2.bmp */,
				13823D132166A59A00858023 /* left0.bmp */,
				13823D142166A59A00858023 /* left1.bmp */,
			);
			name = resources;
			path = cgassn1/resources;
			sourceTree = "<group>";
		};
		1389CFB22161D42400321F96 = {
			isa = PBXGroup;
			children = (
				13823CF42166A59A00858023 /* resources */,
				1389CFBD2161D42400321F96 /* cgassn1 */,
				1389CFBC2161D42400321F96 /* Products */,
				1389CFC52161D44B00321F96 /* Frameworks */,
			);
			sourceTree = "<group>";
		};
		1389CFBC2161D42400321F96 /* Products */ = {
			isa = PBXGroup;
			children = (
				1389CFBB2161D42400321F96 /* cgassn1 */,
			);
			name = Products;
			sourceTree = "<group>";
		};
		1389CFBD2161D42400321F96 /* cgassn1 */ = {
			isa = PBXGroup;
			children = (
				13823CBD21667AF600858023 /* BmpLoader.cpp */,
				13823CBE21667AF600858023 /* BmpLoader.h */,
				13877C1121651210009E5AFE /* emptySpace.cpp */,
				13A076882162159500057B52 /* emptySpace.h */,
				13A0769D2162678000057B52 /* enemy.cpp */,
				1389CFCC2161D47300321F96 /* enemy.h */,
				13A0768C21621E1700057B52 /* game.cpp */,
				13A0768B21621A1900057B52 /* game.h */,
				13877C1321651526009E5AFE /* item.cpp */,
				13A076892162159B00057B52 /* item.h */,
				1389CFBE2161D42400321F96 /* main.cpp */,
				13A076992162673B00057B52 /* map.cpp */,
				1389CFCE2161D4A500321F96 /* map.h */,
				13A0768A2162169600057B52 /* object.h */,
				13A0769B2162677500057B52 /* player.cpp */,
				1389CFCD2161D47800321F96 /* player.h */,
				1389CFD02161D4B600321F96 /* README.md */,
				13A076942162505400057B52 /* util.cpp */,
				13A07698216250EE00057B52 /* util.h */,
				13A0768E21621E2B00057B52 /* wall.cpp */,
				13A076872162158300057B52 /* wall.h */,
				13877C0F2164DE08009E5AFE /* weapon.cpp */,
				1389CFCF2161D4AC00321F96 /* weapon.h */,
			);
			path = cgassn1;
			sourceTree = "<group>";
		};
		1389CFC52161D44B00321F96 /* Frameworks */ = {
			isa = PBXGroup;
			children = (
				1389CFCA2161D45300321F96 /* OpenGL.framework */,
				1389CFC82161D44F00321F96 /* GLKit.framework */,
				1389CFC62161D44C00321F96 /* GLUT.framework */,
			);
			name = Frameworks;
			sourceTree = "<group>";
		};
/* End PBXGroup section */

/* Begin PBXNativeTarget section */
		1389CFBA2161D42400321F96 /* cgassn1 */ = {
			isa = PBXNativeTarget;
			buildConfigurationList = 1389CFC22161D42400321F96 /* Build configuration list for PBXNativeTarget "cgassn1" */;
			buildPhases = (
				1389CFB72161D42400321F96 /* Sources */,
				1389CFB82161D42400321F96 /* Frameworks */,
				1389CFB92161D42400321F96 /* CopyFiles */,
				13823CC021667EF200858023 /* CopyFiles */,
			);
			buildRules = (
			);
			dependencies = (
			);
			name = cgassn1;
			productName = cgassn1;
			productReference = 1389CFBB2161D42400321F96 /* cgassn1 */;
			productType = "com.apple.product-type.tool";
		};
/* End PBXNativeTarget section */

/* Begin PBXProject section */
		1389CFB32161D42400321F96 /* Project object */ = {
			isa = PBXProject;
			attributes = {
				LastUpgradeCheck = 1000;
				ORGANIZATIONNAME = "Dahun Lee";
				TargetAttributes = {
					1389CFBA2161D42400321F96 = {
						CreatedOnToolsVersion = 10.0;
					};
				};
			};
			buildConfigurationList = 1389CFB62161D42400321F96 /* Build configuration list for PBXProject "cgassn1" */;
			compatibilityVersion = "Xcode 9.3";
			developmentRegion = en;
			hasScannedForEncodings = 0;
			knownRegions = (
				en,
			);
			mainGroup = 1389CFB22161D42400321F96;
			productRefGroup = 1389CFBC2161D42400321F96 /* Products */;
			projectDirPath = "";
			projectRoot = "";
			targets = (
				1389CFBA2161D42400321F96 /* cgassn1 */,
			);
		};
/* End PBXProject section */

/* Begin PBXSourcesBuildPhase section */
		1389CFB72161D42400321F96 /* Sources */ = {
			isa = PBXSourcesBuildPhase;
			buildActionMask = 2147483647;
			files = (
				13A076962162505400057B52 /* util.cpp in Sources */,
				1389CFBF2161D42400321F96 /* main.cpp in Sources */,
				13A0769C2162677500057B52 /* player.cpp in Sources */,
				13A0768D21621E1700057B52 /* game.cpp in Sources */,
				13877C1221651210009E5AFE /* emptySpace.cpp in Sources */,
				13A0769A2162673B00057B52 /* map.cpp in Sources */,
				13823CBF21667AF600858023 /* BmpLoader.cpp in Sources */,
				13877C102164DE08009E5AFE /* weapon.cpp in Sources */,
				13A0769021621E2B00057B52 /* wall.cpp in Sources */,
				13877C1421651526009E5AFE /* item.cpp in Sources */,
				13A0769E2162678000057B52 /* enemy.cpp in Sources */,
			);
			runOnlyForDeploymentPostprocessing = 0;
		};
/* End PBXSourcesBuildPhase section */

/* Begin XCBuildConfiguration section */
		1389CFC02161D42400321F96 /* Debug */ = {
			isa = XCBuildConfiguration;
			buildSettings = {
				ALWAYS_SEARCH_USER_PATHS = NO;
				CLANG_ANALYZER_NONNULL = YES;
				CLANG_ANALYZER_NUMBER_OBJECT_CONVERSION = YES_AGGRESSIVE;
				CLANG_CXX_LANGUAGE_STANDARD = "c++14";
				CLANG_CXX_LIBRARY = "compiler-default";
				CLANG_ENABLE_MODULES = YES;
				CLANG_ENABLE_OBJC_ARC = YES;
				CLANG_ENABLE_OBJC_WEAK = YES;
				CLANG_WARN_BLOCK_CAPTURE_AUTORELEASING = YES;
				CLANG_WARN_BOOL_CONVERSION = YES_ERROR;
				CLANG_WARN_COMMA = YES;
				CLANG_WARN_CONSTANT_CONVERSION = YES;
				CLANG_WARN_DEPRECATED_OBJC_IMPLEMENTATIONS = YES;
				CLANG_WARN_DIRECT_OBJC_ISA_USAGE = YES_ERROR;
				CLANG_WARN_DOCUMENTATION_COMMENTS = YES;
				CLANG_WARN_EMPTY_BODY = YES;
				CLANG_WARN_ENUM_CONVERSION = YES;
				CLANG_WARN_INFINITE_RECURSION = YES;
				CLANG_WARN_INT_CONVERSION = YES;
				CLANG_WARN_NON_LITERAL_NULL_CONVERSION = YES;
				CLANG_WARN_OBJC_IMPLICIT_RETAIN_SELF = YES;
				CLANG_WARN_OBJC_LITERAL_CONVERSION = YES;
				CLANG_WARN_OBJC_ROOT_CLASS = YES_ERROR;
				CLANG_WARN_RANGE_LOOP_ANALYSIS = YES;
				CLANG_WARN_STRICT_PROTOTYPES = YES;
				CLANG_WARN_SUSPICIOUS_MOVE = YES;
				CLANG_WARN_UNGUARDED_AVAILABILITY = YES_AGGRESSIVE;
				CLANG_WARN_UNREACHABLE_CODE = YES;
				CLANG_WARN__DUPLICATE_METHOD_MATCH = YES;
				CODE_SIGN_IDENTITY = "-";
				COPY_PHASE_STRIP = NO;
				DEBUG_INFORMATION_FORMAT = dwarf;
				ENABLE_STRICT_OBJC_MSGSEND = YES;
				ENABLE_TESTABILITY = YES;
				GCC_C_LANGUAGE_STANDARD = gnu11;
				GCC_DYNAMIC_NO_PIC = NO;
				GCC_NO_COMMON_BLOCKS = YES;
				GCC_OPTIMIZATION_LEVEL = 0;
				GCC_PREPROCESSOR_DEFINITIONS = (
					"DEBUG=1",
					"$(inherited)",
				);
				GCC_WARN_64_TO_32_BIT_CONVERSION = YES;
				GCC_WARN_ABOUT_RETURN_TYPE = YES_ERROR;
				GCC_WARN_UNDECLARED_SELECTOR = YES;
				GCC_WARN_UNINITIALIZED_AUTOS = YES_AGGRESSIVE;
				GCC_WARN_UNUSED_FUNCTION = YES;
				GCC_WARN_UNUSED_VARIABLE = YES;
				MACOSX_DEPLOYMENT_TARGET = 10.13;
				MTL_ENABLE_DEBUG_INFO = INCLUDE_SOURCE;
				MTL_FAST_MATH = YES;
				ONLY_ACTIVE_ARCH = YES;
				SDKROOT = macosx;
			};
			name = Debug;
		};
		1389CFC12161D42400321F96 /* Release */ = {
			isa = XCBuildConfiguration;
			buildSettings = {
				ALWAYS_SEARCH_USER_PATHS = NO;
				CLANG_ANALYZER_NONNULL = YES;
				CLANG_ANALYZER_NUMBER_OBJECT_CONVERSION = YES_AGGRESSIVE;
				CLANG_CXX_LANGUAGE_STANDARD = "c++14";
				CLANG_CXX_LIBRARY = "compiler-default";
				CLANG_ENABLE_MODULES = YES;
				CLANG_ENABLE_OBJC_ARC = YES;
				CLANG_ENABLE_OBJC_WEAK = YES;
				CLANG_WARN_BLOCK_CAPTURE_AUTORELEASING = YES;
				CLANG_WARN_BOOL_CONVERSION = YES_ERROR;
				CLANG_WARN_COMMA = YES;
				CLANG_WARN_CONSTANT_CONVERSION = YES;
				CLANG_WARN_DEPRECATED_OBJC_IMPLEMENTATIONS = YES;
				CLANG_WARN_DIRECT_OBJC_ISA_USAGE = YES_ERROR;
				CLANG_WARN_DOCUMENTATION_COMMENTS = YES;
				CLANG_WARN_EMPTY_BODY = YES;
				CLANG_WARN_ENUM_CONVERSION = YES;
				CLANG_WARN_INFINITE_RECURSION = YES;
				CLANG_WARN_INT_CONVERSION = YES;
				CLANG_WARN_NON_LITERAL_NULL_CONVERSION = YES;
				CLANG_WARN_OBJC_IMPLICIT_RETAIN_SELF = YES;
				CLANG_WARN_OBJC_LITERAL_CONVERSION = YES;
				CLANG_WARN_OBJC_ROOT_CLASS = YES_ERROR;
				CLANG_WARN_RANGE_LOOP_ANALYSIS = YES;
				CLANG_WARN_STRICT_PROTOTYPES = YES;
				CLANG_WARN_SUSPICIOUS_MOVE = YES;
				CLANG_WARN_UNGUARDED_AVAILABILITY = YES_AGGRESSIVE;
				CLANG_WARN_UNREACHABLE_CODE = YES;
				CLANG_WARN__DUPLICATE_METHOD_MATCH = YES;
				CODE_SIGN_IDENTITY = "-";
				COPY_PHASE_STRIP = NO;
				DEBUG_INFORMATION_FORMAT = "dwarf-with-dsym";
				ENABLE_NS_ASSERTIONS = NO;
				ENABLE_STRICT_OBJC_MSGSEND = YES;
				GCC_C_LANGUAGE_STANDARD = gnu11;
				GCC_NO_COMMON_BLOCKS = YES;
				GCC_WARN_64_TO_32_BIT_CONVERSION = YES;
				GCC_WARN_ABOUT_RETURN_TYPE = YES_ERROR;
				GCC_WARN_UNDECLARED_SELECTOR = YES;
				GCC_WARN_UNINITIALIZED_AUTOS = YES_AGGRESSIVE;
				GCC_WARN_UNUSED_FUNCTION = YES;
				GCC_WARN_UNUSED_VARIABLE = YES;
				MACOSX_DEPLOYMENT_TARGET = 10.13;
				MTL_ENABLE_DEBUG_INFO = NO;
				MTL_FAST_MATH = YES;
				SDKROOT = macosx;
			};
			name = Release;
		};
		1389CFC32161D42400321F96 /* Debug */ = {
			isa = XCBuildConfiguration;
			buildSettings = {
				CLANG_ADDRESS_SANITIZER_CONTAINER_OVERFLOW = YES;
				CODE_SIGN_STYLE = Automatic;
				GCC_VERSION = "";
				OTHER_CPLUSPLUSFLAGS = "$(OTHER_CFLAGS)";
				OTHER_LDFLAGS = "-v";
				PRODUCT_NAME = "$(TARGET_NAME)";
				WARNING_CFLAGS = "";
			};
			name = Debug;
		};
		1389CFC42161D42400321F96 /* Release */ = {
			isa = XCBuildConfiguration;
			buildSettings = {
				CLANG_ADDRESS_SANITIZER_CONTAINER_OVERFLOW = YES;
				CODE_SIGN_STYLE = Automatic;
				GCC_VERSION = "";
				OTHER_CPLUSPLUSFLAGS = "$(OTHER_CFLAGS)";
				OTHER_LDFLAGS = "-v";
				PRODUCT_NAME = "$(TARGET_NAME)";
				WARNING_CFLAGS = "";
			};
			name = Release;
		};
/* End XCBuildConfiguration section */

/* Begin XCConfigurationList section */
		1389CFB62161D42400321F96 /* Build configuration list for PBXProject "cgassn1" */ = {
			isa = XCConfigurationList;
			buildConfigurations = (
				1389CFC02161D42400321F96 /* Debug */,
				1389CFC12161D42400321F96 /* Release */,
			);
			defaultConfigurationIsVisible = 0;
			defaultConfigurationName = Release;
		};
		1389CFC22161D42400321F96 /* Build configuration list for PBXNativeTarget "cgassn1" */ = {
			isa = XCConfigurationList;
			buildConfigurations = (
				1389CFC32161D42400321F96 /* Debug */,
				1389CFC42161D42400321F96 /* Release */,
			);
			defaultConfigurationIsVisible = 0;
			defaultConfigurationName = Release;
		};
/* End XCConfigurationList section */
	};
	rootObject = 1389CFB32161D42400321F96 /* Project object */;
}
